
Microsoft Visual Studio Solution File, Format Version 12.00
# Visual Studio Version 17
VisualStudioVersion = 17.9.34622.214
MinimumVisualStudioVersion = 10.0.40219.1
Project("{FAE04EC0-301F-11D3-BF4B-00C04F79EFBC}") = "jarmupark", "jarmupark\jarmupark.csproj", "{77DF79A1-1375-4FB2-98DD-041005354FC7}"
EndProject
Global
	GlobalSection(SolutionConfigurationPlatforms) = preSolution
		Debug|Any CPU = Debug|Any CPU
		Release|Any CPU = Release|Any CPU
	EndGlobalSection
	GlobalSection(ProjectConfigurationPlatforms) = postSolution
		{77DF79A1-1375-4FB2-98DD-041005354FC7}.Debug|Any CPU.ActiveCfg = Debug|Any CPU
		{77DF79A1-1375-4FB2-98DD-041005354FC7}.Debug|Any CPU.Build.0 = Debug|Any CPU
		{77DF79A1-1375-4FB2-98DD-041005354FC7}.Release|Any CPU.ActiveCfg = Release|Any CPU
		{77DF79A1-1375-4FB2-98DD-041005354FC7}.Release|Any CPU.Build.0 = Release|Any CPU
	EndGlobalSection
	GlobalSection(SolutionProperties) = preSolution
		HideSolutionNode = FALSE
	EndGlobalSection
	GlobalSection(ExtensibilityGlobals) = postSolution
		SolutionGuid = {39FA7B5B-9271-4080-B8E8-E0EC751827BF}
	EndGlobalSection
EndGlobal
